
Microsoft Visual Studio Solution File, Format Version 12.00
# Visual Studio Version 17
VisualStudioVersion = 17.5.33530.505
MinimumVisualStudioVersion = 10.0.40219.1
Project("{FAE04EC0-301F-11D3-BF4B-00C04F79EFBC}") = "Exercise03_BirthDate", "Exercise03_BirthDate\Exercise03_BirthDate.csproj", "{DD893D1A-F478-42FA-BD3D-5C141ADC93EE}"
EndProject
Global
	GlobalSection(SolutionConfigurationPlatforms) = preSolution
		Debug|Any CPU = Debug|Any CPU
		Release|Any CPU = Release|Any CPU
	EndGlobalSection
	GlobalSection(ProjectConfigurationPlatforms) = postSolution
		{DD893D1A-F478-42FA-BD3D-5C141ADC93EE}.Debug|Any CPU.ActiveCfg = Debug|Any CPU
		{DD893D1A-F478-42FA-BD3D-5C141ADC93EE}.Debug|Any CPU.Build.0 = Debug|Any CPU
		{DD893D1A-F478-42FA-BD3D-5C141ADC93EE}.Release|Any CPU.ActiveCfg = Release|Any CPU
		{DD893D1A-F478-42FA-BD3D-5C141ADC93EE}.Release|Any CPU.Build.0 = Release|Any CPU
	EndGlobalSection
	GlobalSection(SolutionProperties) = preSolution
		HideSolutionNode = FALSE
	EndGlobalSection
	GlobalSection(ExtensibilityGlobals) = postSolution
		SolutionGuid = {09729F5E-7770-40C2-9BCD-96BF964C49EE}
	EndGlobalSection
EndGlobal
